// !$*UTF8*$!
{
	archiveVersion = 1;
	classes = {
	};
	objectVersion = 46;
	objects = {

/* Begin PBXBuildFile section */
		00BD938C1E7C406F007DBEB8 /* httpCreatFile.m in Sources */ = {isa = PBXBuildFile; fileRef = 00BD938B1E7C406F007DBEB8 /* httpCreatFile.m */; };
		00BD938F1E7C4090007DBEB8 /* sshCreatFile22.m in Sources */ = {isa = PBXBuildFile; fileRef = 00BD938E1E7C4090007DBEB8 /* sshCreatFile22.m */; };
		00BD93921E7C5458007DBEB8 /* test1.m in Sources */ = {isa = PBXBuildFile; fileRef = 00BD93911E7C5458007DBEB8 /* test1.m */; };
		00BD93981E7C5556007DBEB8 /* test2.m in Sources */ = {isa = PBXBuildFile; fileRef = 00BD93971E7C5556007DBEB8 /* test2.m */; };
		D71EA2641E6FF0790067C134 /* main.m in Sources */ = {isa = PBXBuildFile; fileRef = D71EA2631E6FF0790067C134 /* main.m */; };
		D71EA2671E6FF0790067C134 /* AppDelegate.m in Sources */ = {isa = PBXBuildFile; fileRef = D71EA2661E6FF0790067C134 /* AppDelegate.m */; };
		D71EA26A1E6FF0790067C134 /* ViewController.m in Sources */ = {isa = PBXBuildFile; fileRef = D71EA2691E6FF0790067C134 /* ViewController.m */; };
		D71EA26D1E6FF0790067C134 /* Main.storyboard in Resources */ = {isa = PBXBuildFile; fileRef = D71EA26B1E6FF0790067C134 /* Main.storyboard */; };
		D71EA26F1E6FF0790067C134 /* Assets.xcassets in Resources */ = {isa = PBXBuildFile; fileRef = D71EA26E1E6FF0790067C134 /* Assets.xcassets */; };
		D71EA2721E6FF0790067C134 /* LaunchScreen.storyboard in Resources */ = {isa = PBXBuildFile; fileRef = D71EA2701E6FF0790067C134 /* LaunchScreen.storyboard */; };
/* End PBXBuildFile section */

/* Begin PBXFileReference section */
		00BD938A1E7C406F007DBEB8 /* httpCreatFile.h */ = {isa = PBXFileReference; fileEncoding = 4; lastKnownFileType = sourcecode.c.h; path = httpCreatFile.h; sourceTree = "<group>"; };
		00BD938B1E7C406F007DBEB8 /* httpCreatFile.m */ = {isa = PBXFileReference; fileEncoding = 4; lastKnownFileType = sourcecode.c.objc; path = httpCreatFile.m; sourceTree = "<group>"; };
		00BD938D1E7C4090007DBEB8 /* sshCreatFile22.h */ = {isa = PBXFileReference; fileEncoding = 4; lastKnownFileType = sourcecode.c.h; path = sshCreatFile22.h; sourceTree = "<group>"; };
		00BD938E1E7C4090007DBEB8 /* sshCreatFile22.m */ = {isa = PBXFileReference; fileEncoding = 4; lastKnownFileType = sourcecode.c.objc; path = sshCreatFile22.m; sourceTree = "<group>"; };
		00BD93901E7C5458007DBEB8 /* test1.h */ = {isa = PBXFileReference; fileEncoding = 4; lastKnownFileType = sourcecode.c.h; path = test1.h; sourceTree = "<group>"; };
		00BD93911E7C5458007DBEB8 /* test1.m */ = {isa = PBXFileReference; fileEncoding = 4; lastKnownFileType = sourcecode.c.objc; path = test1.m; sourceTree = "<group>"; };
		00BD93961E7C5556007DBEB8 /* test2.h */ = {isa = PBXFileReference; fileEncoding = 4; lastKnownFileType = sourcecode.c.h; path = test2.h; sourceTree = "<group>"; };
		00BD93971E7C5556007DBEB8 /* test2.m */ = {isa = PBXFileReference; fileEncoding = 4; lastKnownFileType = sourcecode.c.objc; path = test2.m; sourceTree = "<group>"; };
		D71EA25F1E6FF0790067C134 /* learnGit.app */ = {isa = PBXFileReference; explicitFileType = wrapper.application; includeInIndex = 0; path = learnGit.app; sourceTree = BUILT_PRODUCTS_DIR; };
		D71EA2631E6FF0790067C134 /* main.m */ = {isa = PBXFileReference; lastKnownFileType = sourcecode.c.objc; path = main.m; sourceTree = "<group>"; };
		D71EA2651E6FF0790067C134 /* AppDelegate.h */ = {isa = PBXFileReference; lastKnownFileType = sourcecode.c.h; path = AppDelegate.h; sourceTree = "<group>"; };
		D71EA2661E6FF0790067C134 /* AppDelegate.m */ = {isa = PBXFileReference; lastKnownFileType = sourcecode.c.objc; path = AppDelegate.m; sourceTree = "<group>"; };
		D71EA2681E6FF0790067C134 /* ViewController.h */ = {isa = PBXFileReference; lastKnownFileType = sourcecode.c.h; path = ViewController.h; sourceTree = "<group>"; };
		D71EA2691E6FF0790067C134 /* ViewController.m */ = {isa = PBXFileReference; lastKnownFileType = sourcecode.c.objc; path = ViewController.m; sourceTree = "<group>"; };
		D71EA26C1E6FF0790067C134 /* Base */ = {isa = PBXFileReference; lastKnownFileType = file.storyboard; name = Base; path = Base.lproj/Main.storyboard; sourceTree = "<group>"; };
		D71EA26E1E6FF0790067C134 /* Assets.xcassets */ = {isa = PBXFileReference; lastKnownFileType = folder.assetcatalog; path = Assets.xcassets; sourceTree = "<group>"; };
		D71EA2711E6FF0790067C134 /* Base */ = {isa = PBXFileReference; lastKnownFileType = file.storyboard; name = Base; path = Base.lproj/LaunchScreen.storyboard; sourceTree = "<group>"; };
		D71EA2731E6FF0790067C134 /* Info.plist */ = {isa = PBXFileReference; lastKnownFileType = text.plist.xml; path = Info.plist; sourceTree = "<group>"; };
/* End PBXFileReference section */

/* Begin PBXFrameworksBuildPhase section */
		D71EA25C1E6FF0790067C134 /* Frameworks */ = {
			isa = PBXFrameworksBuildPhase;
			buildActionMask = 2147483647;
			files = (
			);
			runOnlyForDeploymentPostprocessing = 0;
		};
/* End PBXFrameworksBuildPhase section */

/* Begin PBXGroup section */
		D71EA2561E6FF0790067C134 = {
			isa = PBXGroup;
			children = (
				D71EA2611E6FF0790067C134 /* learnGit */,
				D71EA2601E6FF0790067C134 /* Products */,
			);
			sourceTree = "<group>";
		};
		D71EA2601E6FF0790067C134 /* Products */ = {
			isa = PBXGroup;
			children = (
				D71EA25F1E6FF0790067C134 /* learnGit.app */,
			);
			name = Products;
			sourceTree = "<group>";
		};
		D71EA2611E6FF0790067C134 /* learnGit */ = {
			isa = PBXGroup;
			children = (
				D71EA2651E6FF0790067C134 /* AppDelegate.h */,
				D71EA2661E6FF0790067C134 /* AppDelegate.m */,
				D71EA2681E6FF0790067C134 /* ViewController.h */,
				D71EA2691E6FF0790067C134 /* ViewController.m */,
				00BD938D1E7C4090007DBEB8 /* sshCreatFile22.h */,
				00BD938E1E7C4090007DBEB8 /* sshCreatFile22.m */,
				00BD938A1E7C406F007DBEB8 /* httpCreatFile.h */,
				00BD938B1E7C406F007DBEB8 /* httpCreatFile.m */,
				00BD93901E7C5458007DBEB8 /* test1.h */,
				00BD93911E7C5458007DBEB8 /* test1.m */,
				00BD93961E7C5556007DBEB8 /* test2.h */,
				00BD93971E7C5556007DBEB8 /* test2.m */,
				D71EA26B1E6FF0790067C134 /* Main.storyboard */,
				D71EA26E1E6FF0790067C134 /* Assets.xcassets */,
				D71EA2701E6FF0790067C134 /* LaunchScreen.storyboard */,
				D71EA2731E6FF0790067C134 /* Info.plist */,
				D71EA2621E6FF0790067C134 /* Supporting Files */,
			);
			path = learnGit;
			sourceTree = "<group>";
		};
		D71EA2621E6FF0790067C134 /* Supporting Files */ = {
			isa = PBXGroup;
			children = (
				D71EA2631E6FF0790067C134 /* main.m */,
			);
			name = "Supporting Files";
			sourceTree = "<group>";
		};
/* End PBXGroup section */

/* Begin PBXNativeTarget section */
		D71EA25E1E6FF0790067C134 /* learnGit */ = {
			isa = PBXNativeTarget;
			buildConfigurationList = D71EA2761E6FF0790067C134 /* Build configuration list for PBXNativeTarget "learnGit" */;
			buildPhases = (
				D71EA25B1E6FF0790067C134 /* Sources */,
				D71EA25C1E6FF0790067C134 /* Frameworks */,
				D71EA25D1E6FF0790067C134 /* Resources */,
			);
			buildRules = (
			);
			dependencies = (
			);
			name = learnGit;
			productName = learnGit;
			productReference = D71EA25F1E6FF0790067C134 /* learnGit.app */;
			productType = "com.apple.product-type.application";
		};
/* End PBXNativeTarget section */

/* Begin PBXProject section */
		D71EA2571E6FF0790067C134 /* Project object */ = {
			isa = PBXProject;
			attributes = {
				LastUpgradeCheck = 0800;
				ORGANIZATIONNAME = itZhen;
				TargetAttributes = {
					D71EA25E1E6FF0790067C134 = {
						CreatedOnToolsVersion = 8.0;
						ProvisioningStyle = Automatic;
					};
				};
			};
			buildConfigurationList = D71EA25A1E6FF0790067C134 /* Build configuration list for PBXProject "learnGit" */;
			compatibilityVersion = "Xcode 3.2";
			developmentRegion = English;
			hasScannedForEncodings = 0;
			knownRegions = (
				en,
				Base,
			);
			mainGroup = D71EA2561E6FF0790067C134;
			productRefGroup = D71EA2601E6FF0790067C134 /* Products */;
			projectDirPath = "";
			projectRoot = "";
			targets = (
				D71EA25E1E6FF0790067C134 /* learnGit */,
			);
		};
/* End PBXProject section */

/* Begin PBXResourcesBuildPhase section */
		D71EA25D1E6FF0790067C134 /* Resources */ = {
			isa = PBXResourcesBuildPhase;
			buildActionMask = 2147483647;
			files = (
				D71EA2721E6FF0790067C134 /* LaunchScreen.storyboard in Resources */,
				D71EA26F1E6FF0790067C134 /* Assets.xcassets in Resources */,
				D71EA26D1E6FF0790067C134 /* Main.storyboard in Resources */,
			);
			runOnlyForDeploymentPostprocessing = 0;
		};
/* End PBXResourcesBuildPhase section */

/* Begin PBXSourcesBuildPhase section */
		D71EA25B1E6FF0790067C134 /* Sources */ = {
			isa = PBXSourcesBuildPhase;
			buildActionMask = 2147483647;
			files = (
				00BD938F1E7C4090007DBEB8 /* sshCreatFile22.m in Sources */,
				D71EA26A1E6FF0790067C134 /* ViewController.m in Sources */,
				00BD938C1E7C406F007DBEB8 /* httpCreatFile.m in Sources */,
				00BD93981E7C5556007DBEB8 /* test2.m in Sources */,
				00BD93921E7C5458007DBEB8 /* test1.m in Sources */,
				D71EA2671E6FF0790067C134 /* AppDelegate.m in Sources */,
				D71EA2641E6FF0790067C134 /* main.m in Sources */,
			);
			runOnlyForDeploymentPostprocessing = 0;
		};
/* End PBXSourcesBuildPhase section */

/* Begin PBXVariantGroup section */
		D71EA26B1E6FF0790067C134 /* Main.storyboard */ = {
			isa = PBXVariantGroup;
			children = (
				D71EA26C1E6FF0790067C134 /* Base */,
			);
			name = Main.storyboard;
			sourceTree = "<group>";
		};
		D71EA2701E6FF0790067C134 /* LaunchScreen.storyboard */ = {
			isa = PBXVariantGroup;
			children = (
				D71EA2711E6FF0790067C134 /* Base */,
			);
			name = LaunchScreen.storyboard;
			sourceTree = "<group>";
		};
/* End PBXVariantGroup section */

/* Begin XCBuildConfiguration section */
		D71EA2741E6FF0790067C134 /* Debug */ = {
			isa = XCBuildConfiguration;
			buildSettings = {
				ALWAYS_SEARCH_USER_PATHS = NO;
				CLANG_ANALYZER_NONNULL = YES;
				CLANG_CXX_LANGUAGE_STANDARD = "gnu++0x";
				CLANG_CXX_LIBRARY = "libc++";
				CLANG_ENABLE_MODULES = YES;
				CLANG_ENABLE_OBJC_ARC = YES;
				CLANG_WARN_BOOL_CONVERSION = YES;
				CLANG_WARN_CONSTANT_CONVERSION = YES;
				CLANG_WARN_DIRECT_OBJC_ISA_USAGE = YES_ERROR;
				CLANG_WARN_DOCUMENTATION_COMMENTS = YES;
				CLANG_WARN_EMPTY_BODY = YES;
				CLANG_WARN_ENUM_CONVERSION = YES;
				CLANG_WARN_INFINITE_RECURSION = YES;
				CLANG_WARN_INT_CONVERSION = YES;
				CLANG_WARN_OBJC_ROOT_CLASS = YES_ERROR;
				CLANG_WARN_SUSPICIOUS_MOVES = YES;
				CLANG_WARN_UNREACHABLE_CODE = YES;
				CLANG_WARN__DUPLICATE_METHOD_MATCH = YES;
				"CODE_SIGN_IDENTITY[sdk=iphoneos*]" = "iPhone Developer";
				COPY_PHASE_STRIP = NO;
				DEBUG_INFORMATION_FORMAT = dwarf;
				ENABLE_STRICT_OBJC_MSGSEND = YES;
				ENABLE_TESTABILITY = YES;
				GCC_C_LANGUAGE_STANDARD = gnu99;
				GCC_DYNAMIC_NO_PIC = NO;
				GCC_NO_COMMON_BLOCKS = YES;
				GCC_OPTIMIZATION_LEVEL = 0;
				GCC_PREPROCESSOR_DEFINITIONS = (
					"DEBUG=1",
					"$(inherited)",
				);
				GCC_WARN_64_TO_32_BIT_CONVERSION = YES;
				GCC_WARN_ABOUT_RETURN_TYPE = YES_ERROR;
				GCC_WARN_UNDECLARED_SELECTOR = YES;
				GCC_WARN_UNINITIALIZED_AUTOS = YES_AGGRESSIVE;
				GCC_WARN_UNUSED_FUNCTION = YES;
				GCC_WARN_UNUSED_VARIABLE = YES;
				IPHONEOS_DEPLOYMENT_TARGET = 10.0;
				MTL_ENABLE_DEBUG_INFO = YES;
				ONLY_ACTIVE_ARCH = YES;
				SDKROOT = iphoneos;
			};
			name = Debug;
		};
		D71EA2751E6FF0790067C134 /* Release */ = {
			isa = XCBuildConfiguration;
			buildSettings = {
				ALWAYS_SEARCH_USER_PATHS = NO;
				CLANG_ANALYZER_NONNULL = YES;
				CLANG_CXX_LANGUAGE_STANDARD = "gnu++0x";
				CLANG_CXX_LIBRARY = "libc++";
				CLANG_ENABLE_MODULES = YES;
				CLANG_ENABLE_OBJC_ARC = YES;
				CLANG_WARN_BOOL_CONVERSION = YES;
				CLANG_WARN_CONSTANT_CONVERSION = YES;
				CLANG_WARN_DIRECT_OBJC_ISA_USAGE = YES_ERROR;
				CLANG_WARN_DOCUMENTATION_COMMENTS = YES;
				CLANG_WARN_EMPTY_BODY = YES;
				CLANG_WARN_ENUM_CONVERSION = YES;
				CLANG_WARN_INFINITE_RECURSION = YES;
				CLANG_WARN_INT_CONVERSION = YES;
				CLANG_WARN_OBJC_ROOT_CLASS = YES_ERROR;
				CLANG_WARN_SUSPICIOUS_MOVES = YES;
				CLANG_WARN_UNREACHABLE_CODE = YES;
				CLANG_WARN__DUPLICATE_METHOD_MATCH = YES;
				"CODE_SIGN_IDENTITY[sdk=iphoneos*]" = "iPhone Developer";
				COPY_PHASE_STRIP = NO;
				DEBUG_INFORMATION_FORMAT = "dwarf-with-dsym";
				ENABLE_NS_ASSERTIONS = NO;
				ENABLE_STRICT_OBJC_MSGSEND = YES;
				GCC_C_LANGUAGE_STANDARD = gnu99;
				GCC_NO_COMMON_BLOCKS = YES;
				GCC_WARN_64_TO_32_BIT_CONVERSION = YES;
				GCC_WARN_ABOUT_RETURN_TYPE = YES_ERROR;
				GCC_WARN_UNDECLARED_SELECTOR = YES;
				GCC_WARN_UNINITIALIZED_AUTOS = YES_AGGRESSIVE;
				GCC_WARN_UNUSED_FUNCTION = YES;
				GCC_WARN_UNUSED_VARIABLE = YES;
				IPHONEOS_DEPLOYMENT_TARGET = 10.0;
				MTL_ENABLE_DEBUG_INFO = NO;
				SDKROOT = iphoneos;
				VALIDATE_PRODUCT = YES;
			};
			name = Release;
		};
		D71EA2771E6FF0790067C134 /* Debug */ = {
			isa = XCBuildConfiguration;
			buildSettings = {
				ASSETCATALOG_COMPILER_APPICON_NAME = AppIcon;
				INFOPLIST_FILE = learnGit/Info.plist;
				LD_RUNPATH_SEARCH_PATHS = "$(inherited) @executable_path/Frameworks";
				PRODUCT_BUNDLE_IDENTIFIER = itzhen.learnGit;
				PRODUCT_NAME = "$(TARGET_NAME)";
			};
			name = Debug;
		};
		D71EA2781E6FF0790067C134 /* Release */ = {
			isa = XCBuildConfiguration;
			buildSettings = {
				ASSETCATALOG_COMPILER_APPICON_NAME = AppIcon;
				INFOPLIST_FILE = learnGit/Info.plist;
				LD_RUNPATH_SEARCH_PATHS = "$(inherited) @executable_path/Frameworks";
				PRODUCT_BUNDLE_IDENTIFIER = itzhen.learnGit;
				PRODUCT_NAME = "$(TARGET_NAME)";
			};
			name = Release;
		};
/* End XCBuildConfiguration section */

/* Begin XCConfigurationList section */
		D71EA25A1E6FF0790067C134 /* Build configuration list for PBXProject "learnGit" */ = {
			isa = XCConfigurationList;
			buildConfigurations = (
				D71EA2741E6FF0790067C134 /* Debug */,
				D71EA2751E6FF0790067C134 /* Release */,
			);
			defaultConfigurationIsVisible = 0;
			defaultConfigurationName = Release;
		};
		D71EA2761E6FF0790067C134 /* Build configuration list for PBXNativeTarget "learnGit" */ = {
			isa = XCConfigurationList;
			buildConfigurations = (
				D71EA2771E6FF0790067C134 /* Debug */,
				D71EA2781E6FF0790067C134 /* Release */,
			);
			defaultConfigurationIsVisible = 0;
			defaultConfigurationName = Release;
		};
/* End XCConfigurationList section */
	};
	rootObject = D71EA2571E6FF0790067C134 /* Project object */;
}
